
Microsoft Visual Studio Solution File, Format Version 12.00
# Visual Studio Version 17
VisualStudioVersion = 17.9.34723.18
MinimumVisualStudioVersion = 10.0.40219.1
Project("{FAE04EC0-301F-11D3-BF4B-00C04F79EFBC}") = "proyecto[Practica02]", "proyecto[Practica02]\proyecto[Practica02].csproj", "{0DC290D0-0DDB-42DF-85B4-F141D5AA096D}"
	ProjectSection(ProjectDependencies) = postProject
		{C2CA3F59-C20E-4DEB-92EB-D6AC3DEF71B2} = {C2CA3F59-C20E-4DEB-92EB-D6AC3DEF71B2}
	EndProjectSection
EndProject
Project("{FAE04EC0-301F-11D3-BF4B-00C04F79EFBC}") = "ArticulosBack", "ArticulosBack\ArticulosBack.csproj", "{C2CA3F59-C20E-4DEB-92EB-D6AC3DEF71B2}"
EndProject
Global
	GlobalSection(SolutionConfigurationPlatforms) = preSolution
		Debug|Any CPU = Debug|Any CPU
		Release|Any CPU = Release|Any CPU
	EndGlobalSection
	GlobalSection(ProjectConfigurationPlatforms) = postSolution
		{0DC290D0-0DDB-42DF-85B4-F141D5AA096D}.Debug|Any CPU.ActiveCfg = Debug|Any CPU
		{0DC290D0-0DDB-42DF-85B4-F141D5AA096D}.Debug|Any CPU.Build.0 = Debug|Any CPU
		{0DC290D0-0DDB-42DF-85B4-F141D5AA096D}.Release|Any CPU.ActiveCfg = Release|Any CPU
		{0DC290D0-0DDB-42DF-85B4-F141D5AA096D}.Release|Any CPU.Build.0 = Release|Any CPU
		{C2CA3F59-C20E-4DEB-92EB-D6AC3DEF71B2}.Debug|Any CPU.ActiveCfg = Debug|Any CPU
		{C2CA3F59-C20E-4DEB-92EB-D6AC3DEF71B2}.Debug|Any CPU.Build.0 = Debug|Any CPU
		{C2CA3F59-C20E-4DEB-92EB-D6AC3DEF71B2}.Release|Any CPU.ActiveCfg = Release|Any CPU
		{C2CA3F59-C20E-4DEB-92EB-D6AC3DEF71B2}.Release|Any CPU.Build.0 = Release|Any CPU
	EndGlobalSection
	GlobalSection(SolutionProperties) = preSolution
		HideSolutionNode = FALSE
	EndGlobalSection
	GlobalSection(ExtensibilityGlobals) = postSolution
		SolutionGuid = {55C455B0-8777-4473-A609-05AAEDE34A5F}
	EndGlobalSection
EndGlobal
